PODS:
  - AFNetworking (4.0.1):
    - AFNetworking/NSURLSession (= 4.0.1)
    - AFNetworking/Reachability (= 4.0.1)
    - AFNetworking/Security (= 4.0.1)
    - AFNetworking/Serialization (= 4.0.1)
    - AFNetworking/UIKit (= 4.0.1)
  - AFNetworking/NSURLSession (4.0.1):
    - AFNetworking/Reachability
    - AFNetworking/Security
    - AFNetworking/Serialization
  - AFNetworking/Reachability (4.0.1)
  - AFNetworking/Security (4.0.1)
  - AFNetworking/Serialization (4.0.1)
  - AFNetworking/UIKit (4.0.1):
    - AFNetworking/NSURLSession
  - WXNetworking (1.6):
    - AFNetworking
    - YYCache
    - YYModel
  - YYCache (1.0.4)
  - YYModel (1.0.4)

DEPENDENCIES:
  - WXNetworking (from `../`)

SPEC REPOS:
  https://cdn.cocoapods.org/:
    - AFNetworking
    - YYCache
    - YYModel

EXTERNAL SOURCES:
  WXNetworking:
    :path: "../"

SPEC CHECKSUMS:
  AFNetworking: 7864c38297c79aaca1500c33288e429c3451fdce
  WXNetworking: 00fb32a27979b2666fc91792c91ce04e041251c0
  YYCache: 8105b6638f5e849296c71f331ff83891a4942952
  YYModel: 2a7fdd96aaa4b86a824e26d0c517de8928c04b30

PODFILE CHECKSUM: 4de6581f0c405b6bd194bc706d56b3d692b5aada

COCOAPODS: 1.8.4
